
Microsoft Visual Studio Solution File, Format Version 12.00
# Visual Studio Version 17
VisualStudioVersion = 17.11.35327.3
MinimumVisualStudioVersion = 10.0.40219.1
Project("{FAE04EC0-301F-11D3-BF4B-00C04F79EFBC}") = "GeneralPurposeApplication.Server", "GeneralPurposeApplication.Server\GeneralPurposeApplication.Server.csproj", "{B041DA23-480C-4E42-A3CF-100DB80B6EF6}"
EndProject
Project("{54A90642-561A-4BB1-A94E-469ADEE60C69}") = "generalpurposeapplication.client", "generalpurposeapplication.client\generalpurposeapplication.client.esproj", "{26C9D1DE-1C4B-4215-89B2-91FFA80B1D47}"
EndProject
Project("{FAE04EC0-301F-11D3-BF4B-00C04F79EFBC}") = "GeneralPurposeApplication.Tests", "GeneralPurposeApplication.Tests\GeneralPurposeApplication.Tests.csproj", "{7F89415B-DE85-3F31-12FC-44A7D79C8EEE}"
EndProject
Global
	GlobalSection(SolutionConfigurationPlatforms) = preSolution
		Debug|Any CPU = Debug|Any CPU
		Release|Any CPU = Release|Any CPU
	EndGlobalSection
	GlobalSection(ProjectConfigurationPlatforms) = postSolution
		{B041DA23-480C-4E42-A3CF-100DB80B6EF6}.Debug|Any CPU.ActiveCfg = Debug|Any CPU
		{B041DA23-480C-4E42-A3CF-100DB80B6EF6}.Debug|Any CPU.Build.0 = Debug|Any CPU
		{B041DA23-480C-4E42-A3CF-100DB80B6EF6}.Release|Any CPU.ActiveCfg = Release|Any CPU
		{B041DA23-480C-4E42-A3CF-100DB80B6EF6}.Release|Any CPU.Build.0 = Release|Any CPU
		{26C9D1DE-1C4B-4215-89B2-91FFA80B1D47}.Debug|Any CPU.ActiveCfg = Debug|Any CPU
		{26C9D1DE-1C4B-4215-89B2-91FFA80B1D47}.Debug|Any CPU.Build.0 = Debug|Any CPU
		{26C9D1DE-1C4B-4215-89B2-91FFA80B1D47}.Debug|Any CPU.Deploy.0 = Debug|Any CPU
		{26C9D1DE-1C4B-4215-89B2-91FFA80B1D47}.Release|Any CPU.ActiveCfg = Release|Any CPU
		{26C9D1DE-1C4B-4215-89B2-91FFA80B1D47}.Release|Any CPU.Build.0 = Release|Any CPU
		{26C9D1DE-1C4B-4215-89B2-91FFA80B1D47}.Release|Any CPU.Deploy.0 = Release|Any CPU
		{7F89415B-DE85-3F31-12FC-44A7D79C8EEE}.Debug|Any CPU.ActiveCfg = Debug|Any CPU
		{7F89415B-DE85-3F31-12FC-44A7D79C8EEE}.Debug|Any CPU.Build.0 = Debug|Any CPU
		{7F89415B-DE85-3F31-12FC-44A7D79C8EEE}.Release|Any CPU.ActiveCfg = Release|Any CPU
		{7F89415B-DE85-3F31-12FC-44A7D79C8EEE}.Release|Any CPU.Build.0 = Release|Any CPU
	EndGlobalSection
	GlobalSection(SolutionProperties) = preSolution
		HideSolutionNode = FALSE
	EndGlobalSection
	GlobalSection(ExtensibilityGlobals) = postSolution
		SolutionGuid = {FB22B045-7915-44B3-8654-B91888B0237F}
	EndGlobalSection
EndGlobal
